{
    "_meta": {
        "hash": {
            "sha256": "dc93c8369312baac0317f7b03c78b988c286c9e65a98727c28396a4f46fa16de"
        },
        "pipfile-spec": 6,
        "requires": {
            "python_version": "3.13"
        },
        "sources": [
            {
                "name": "pypi",
                "url": "https://pypi.org/simple",
                "verify_ssl": true
            }
        ]
    },
    "default": {
        "absl-py": {
            "hashes": [
                "sha256:526a04eadab8b4ee719ce68f204172ead1027549089702d99b9059f129ff1308",
                "sha256:7820790efbb316739cde8b4e19357243fc3608a152024288513dd968d7d959ff"
            ],
            "markers": "python_version >= '3.7'",
            "version": "==2.1.0"
        },
        "h5py": {
            "hashes": [
                "sha256:018a4597f35092ae3fb28ee851fdc756d2b88c96336b8480e124ce1ac6fb9166",
                "sha256:050a4f2c9126054515169c49cb900949814987f0c7ae74c341b0c9f9b5056834",
                "sha256:06a903a4e4e9e3ebbc8b548959c3c2552ca2d70dac14fcfa650d9261c66939ed",
                "sha256:1473348139b885393125126258ae2d70753ef7e9cec8e7848434f385ae72069e",
                "sha256:2f0f1a382cbf494679c07b4371f90c70391dedb027d517ac94fa2c05299dacda",
                "sha256:326d70b53d31baa61f00b8aa5f95c2fcb9621a3ee8365d770c551a13dbbcbfdf",
                "sha256:3b15d8dbd912c97541312c0e07438864d27dbca857c5ad634de68110c6beb1c2",
                "sha256:3fdf95092d60e8130ba6ae0ef7a9bd4ade8edbe3569c13ebbaf39baefffc5ba4",
                "sha256:4532c7e97fbef3d029735db8b6f5bf01222d9ece41e309b20d63cfaae2fb5c4d",
                "sha256:513171e90ed92236fc2ca363ce7a2fc6f2827375efcbb0cc7fbdd7fe11fecafc",
                "sha256:52ab036c6c97055b85b2a242cb540ff9590bacfda0c03dd0cf0661b311f522f8",
                "sha256:577d618d6b6dea3da07d13cc903ef9634cde5596b13e832476dd861aaf651f3e",
                "sha256:59400f88343b79655a242068a9c900001a34b63e3afb040bd7cdf717e440f653",
                "sha256:59685fe40d8c1fbbee088c88cd4da415a2f8bee5c270337dc5a1c4aa634e3307",
                "sha256:5c4b41d1019322a5afc5082864dfd6359f8935ecd37c11ac0029be78c5d112c9",
                "sha256:62be1fc0ef195891949b2c627ec06bc8e837ff62d5b911b6e42e38e0f20a897d",
                "sha256:6fdf6d7936fa824acfa27305fe2d9f39968e539d831c5bae0e0d83ed521ad1ac",
                "sha256:7b3b8f3b48717e46c6a790e3128d39c61ab595ae0a7237f06dfad6a3b51d5351",
                "sha256:84342bffd1f82d4f036433e7039e241a243531a1d3acd7341b35ae58cdab05bf",
                "sha256:ad8a76557880aed5234cfe7279805f4ab5ce16b17954606cca90d578d3e713ef",
                "sha256:ba51c0c5e029bb5420a343586ff79d56e7455d496d18a30309616fdbeed1068f",
                "sha256:cb65f619dfbdd15e662423e8d257780f9a66677eae5b4b3fc9dca70b5fd2d2a3",
                "sha256:ccd9006d92232727d23f784795191bfd02294a4f2ba68708825cb1da39511a93",
                "sha256:d2b8dd64f127d8b324f5d2cd1c0fd6f68af69084e9e47d27efeb9e28e685af3e",
                "sha256:d3e465aee0ec353949f0f46bf6c6f9790a2006af896cee7c178a8c3e5090aa32",
                "sha256:e4d51919110a030913201422fb07987db4338eba5ec8c5a15d6fab8e03d443fc"
            ],
            "markers": "python_version >= '3.9'",
            "version": "==3.12.1"
        },
        "keras": {
            "hashes": [
                "sha256:6289006e6f6cb2b68a563b58cf8ae5a45569449c5a791df6b2f54c1877f3f344",
                "sha256:b65d125976b0f8bf8ad1e93311a98e7dfb334ff6023627a59a52b35499165ec3"
            ],
            "index": "pypi",
            "markers": "python_version >= '3.9'",
            "version": "==3.8.0"
        },
        "markdown-it-py": {
            "hashes": [
                "sha256:355216845c60bd96232cd8d8c40e8f9765cc86f46880e43a8fd22dc1a1a8cab1",
                "sha256:e3f60a94fa066dc52ec76661e37c851cb232d92f9886b15cb560aaada2df8feb"
            ],
            "markers": "python_version >= '3.8'",
            "version": "==3.0.0"
        },
        "mdurl": {
            "hashes": [
                "sha256:84008a41e51615a49fc9966191ff91509e3c40b939176e643fd50a5c2196b8f8",
                "sha256:bb413d29f5eea38f31dd4754dd7377d4465116fb207585f97bf925588687c1ba"
            ],
            "markers": "python_version >= '3.7'",
            "version": "==0.1.2"
        },
        "ml-dtypes": {
            "hashes": [
                "sha256:023ce2f502efd4d6c1e0472cc58ce3640d051d40e71e27386bed33901e201327",
                "sha256:05f23447a1c20ddf4dc7c2c661aa9ed93fcb2658f1017c204d1e758714dc28a8",
                "sha256:12651420130ee7cc13059fc56dac6ad300c3af3848b802d475148c9defd27c23",
                "sha256:141b2ea2f20bb10802ddca55d91fe21231ef49715cfc971998e8f2a9838f3dbe",
                "sha256:15ad0f3b0323ce96c24637a88a6f44f6713c64032f27277b069f285c3cf66478",
                "sha256:1b7fbe5571fdf28fd3aaab3ef4aafc847de9ebf263be959958c1ca58ec8eadf5",
                "sha256:26ebcc69d7b779c8f129393e99732961b5cc33fcff84090451f448c89b0e01b4",
                "sha256:6f462f5eca22fb66d7ff9c4744a3db4463af06c49816c4b6ac89b16bfcdc592e",
                "sha256:6f76232163b5b9c34291b54621ee60417601e2e4802a188a0ea7157cd9b323f4",
                "sha256:7000b6e4d8ef07542c05044ec5d8bbae1df083b3f56822c3da63993a113e716f",
                "sha256:810512e2eccdfc3b41eefa3a27402371a3411453a1efc7e9c000318196140fed",
                "sha256:8f2c028954f16ede77902b223a8da2d9cbb3892375b85809a5c3cfb1587960c4",
                "sha256:9626d0bca1fb387d5791ca36bacbba298c5ef554747b7ebeafefb4564fc83566",
                "sha256:ac5b58559bb84a95848ed6984eb8013249f90b6bab62aa5acbad876e256002c9",
                "sha256:ad4953c5eb9c25a56d11a913c2011d7e580a435ef5145f804d98efa14477d390",
                "sha256:aefedc579ece2f8fb38f876aa7698204ee4c372d0e54f1c1ffa8ca580b54cc60",
                "sha256:afb2009ac98da274e893e03162f6269398b2b00d947e7057ee2469a921d58135",
                "sha256:b8a9d46b4df5ae2135a8e8e72b465448ebbc1559997f4f9304a9ecc3413efb5b",
                "sha256:bd73f51957949069573ff783563486339a9285d72e2f36c18e0c1aa9ca7eb190",
                "sha256:bf9975bda82a99dc935f2ae4c83846d86df8fd6ba179614acac8e686910851da",
                "sha256:c09526488c3a9e8b7a23a388d4974b670a9a3dd40c5c8a61db5593ce9b725bab",
                "sha256:c9945669d3dadf8acb40ec2e57d38c985d8c285ea73af57fc5b09872c516106d",
                "sha256:d13755f8e8445b3870114e5b6240facaa7cb0c3361e54beba3e07fa912a6e12b",
                "sha256:fd918d4e6a4e0c110e2e05be7a7814d10dc1b95872accbf6512b80a109b71ae1"
            ],
            "markers": "python_version >= '3.9'",
            "version": "==0.5.1"
        },
        "namex": {
            "hashes": [
                "sha256:32a50f6c565c0bb10aa76298c959507abdc0e850efe085dc38f3440fcb3aa90b",
                "sha256:7ddb6c2bb0e753a311b7590f84f6da659dd0c05e65cb89d519d54c0a250c0487"
            ],
            "version": "==0.0.8"
        },
        "numpy": {
            "hashes": [
                "sha256:02935e2c3c0c6cbe9c7955a8efa8908dd4221d7755644c59d1bba28b94fd334f",
                "sha256:0349b025e15ea9d05c3d63f9657707a4e1d471128a3b1d876c095f328f8ff7f0",
                "sha256:09d6a2032faf25e8d0cadde7fd6145118ac55d2740132c1d845f98721b5ebcfd",
                "sha256:0bc61b307655d1a7f9f4b043628b9f2b721e80839914ede634e3d485913e1fb2",
                "sha256:0eec19f8af947a61e968d5429f0bd92fec46d92b0008d0a6685b40d6adf8a4f4",
                "sha256:106397dbbb1896f99e044efc90360d098b3335060375c26aa89c0d8a97c5f648",
                "sha256:128c41c085cab8a85dc29e66ed88c05613dccf6bc28b3866cd16050a2f5448be",
                "sha256:149d1113ac15005652e8d0d3f6fd599360e1a708a4f98e43c9c77834a28238cb",
                "sha256:159ff6ee4c4a36a23fe01b7c3d07bd8c14cc433d9720f977fcd52c13c0098160",
                "sha256:22ea3bb552ade325530e72a0c557cdf2dea8914d3a5e1fecf58fa5dbcc6f43cd",
                "sha256:23ae9f0c2d889b7b2d88a3791f6c09e2ef827c2446f1c4a3e3e76328ee4afd9a",
                "sha256:250c16b277e3b809ac20d1f590716597481061b514223c7badb7a0f9993c7f84",
                "sha256:2ec6c689c61df613b783aeb21f945c4cbe6c51c28cb70aae8430577ab39f163e",
                "sha256:2ffbb1acd69fdf8e89dd60ef6182ca90a743620957afb7066385a7bbe88dc748",
                "sha256:3074634ea4d6df66be04f6728ee1d173cfded75d002c75fac79503a880bf3825",
                "sha256:356ca982c188acbfa6af0d694284d8cf20e95b1c3d0aefa8929376fea9146f60",
                "sha256:3fbe72d347fbc59f94124125e73fc4976a06927ebc503ec5afbfb35f193cd957",
                "sha256:40c7ff5da22cd391944a28c6a9c638a5eef77fcf71d6e3a79e1d9d9e82752715",
                "sha256:41184c416143defa34cc8eb9d070b0a5ba4f13a0fa96a709e20584638254b317",
                "sha256:451e854cfae0febe723077bd0cf0a4302a5d84ff25f0bfece8f29206c7bed02e",
                "sha256:4525b88c11906d5ab1b0ec1f290996c0020dd318af8b49acaa46f198b1ffc283",
                "sha256:463247edcee4a5537841d5350bc87fe8e92d7dd0e8c71c995d2c6eecb8208278",
                "sha256:4dbd80e453bd34bd003b16bd802fac70ad76bd463f81f0c518d1245b1c55e3d9",
                "sha256:57b4012e04cc12b78590a334907e01b3a85efb2107df2b8733ff1ed05fce71de",
                "sha256:5a8c863ceacae696aff37d1fd636121f1a512117652e5dfb86031c8d84836369",
                "sha256:5acea83b801e98541619af398cc0109ff48016955cc0818f478ee9ef1c5c3dcb",
                "sha256:642199e98af1bd2b6aeb8ecf726972d238c9877b0f6e8221ee5ab945ec8a2189",
                "sha256:64bd6e1762cd7f0986a740fee4dff927b9ec2c5e4d9a28d056eb17d332158014",
                "sha256:6d9fc9d812c81e6168b6d405bf00b8d6739a7f72ef22a9214c4241e0dc70b323",
                "sha256:7079129b64cb78bdc8d611d1fd7e8002c0a2565da6a47c4df8062349fee90e3e",
                "sha256:7dca87ca328f5ea7dafc907c5ec100d187911f94825f8700caac0b3f4c384b49",
                "sha256:860fd59990c37c3ef913c3ae390b3929d005243acca1a86facb0773e2d8d9e50",
                "sha256:8e6da5cffbbe571f93588f562ed130ea63ee206d12851b60819512dd3e1ba50d",
                "sha256:8ec0636d3f7d68520afc6ac2dc4b8341ddb725039de042faf0e311599f54eb37",
                "sha256:9491100aba630910489c1d0158034e1c9a6546f0b1340f716d522dc103788e39",
                "sha256:97b974d3ba0fb4612b77ed35d7627490e8e3dff56ab41454d9e8b23448940576",
                "sha256:995f9e8181723852ca458e22de5d9b7d3ba4da3f11cc1cb113f093b271d7965a",
                "sha256:9dd47ff0cb2a656ad69c38da850df3454da88ee9a6fde0ba79acceee0e79daba",
                "sha256:9fad446ad0bc886855ddf5909cbf8cb5d0faa637aaa6277fb4b19ade134ab3c7",
                "sha256:a972cec723e0563aa0823ee2ab1df0cb196ed0778f173b381c871a03719d4826",
                "sha256:ac9bea18d6d58a995fac1b2cb4488e17eceeac413af014b1dd26170b766d8467",
                "sha256:b0531f0b0e07643eb089df4c509d30d72c9ef40defa53e41363eca8a8cc61495",
                "sha256:b208cfd4f5fe34e1535c08983a1a6803fdbc7a1e86cf13dd0c61de0b51a0aadc",
                "sha256:b3482cb7b3325faa5f6bc179649406058253d91ceda359c104dac0ad320e1391",
                "sha256:b6fb9c32a91ec32a689ec6410def76443e3c750e7cfc3fb2206b985ffb2b85f0",
                "sha256:b78ea78450fd96a498f50ee096f69c75379af5138f7881a51355ab0e11286c97",
                "sha256:bd249bc894af67cbd8bad2c22e7cbcd46cf87ddfca1f1289d1e7e54868cc785c",
                "sha256:c7d1fd447e33ee20c1f33f2c8e6634211124a9aabde3c617687d8b739aa69eac",
                "sha256:d0bbe7dd86dca64854f4b6ce2ea5c60b51e36dfd597300057cf473d3615f2369",
                "sha256:d6d6a0910c3b4368d89dde073e630882cdb266755565155bc33520283b2d9df8",
                "sha256:da1eeb460ecce8d5b8608826595c777728cdf28ce7b5a5a8c8ac8d949beadcf2",
                "sha256:e0c8854b09bc4de7b041148d8550d3bd712b5c21ff6a8ed308085f190235d7ff",
                "sha256:e0d4142eb40ca6f94539e4db929410f2a46052a0fe7a2c1c59f6179c39938d2a",
                "sha256:e9e82dcb3f2ebbc8cb5ce1102d5f1c5ed236bf8a11730fb45ba82e2841ec21df",
                "sha256:ed6906f61834d687738d25988ae117683705636936cc605be0bb208b23df4d8f"
            ],
            "markers": "python_version >= '3.10'",
            "version": "==2.2.2"
        },
        "optree": {
            "hashes": [
                "sha256:0a08dcc8b5a7529ebef64533cba13444de46ba9e923a9c54a9c1dcceb4de2f55",
                "sha256:0adb1ad31a55ae4e32595dc94cac3b06b53f6a7b1710acec9b56f5ccfc82c873",
                "sha256:0bac8873fa99f8d4e58548e04b66c310ad65ed966238a00c7eaf61378da6d017",
                "sha256:10826cdf0a2d48244f9f8b63e04b934274012aadcf0898fd87180b6839070f0c",
                "sha256:14da8391e74e315ec7e19e7da6a4ed88f4ff928ca1be59e13d4572b60e3f95bf",
                "sha256:176c9e2908133957513b20370be93d72f8f2e4b3acbc94a1b8186cc715f05403",
                "sha256:17ce5ed199cda125d79fb779efc16aad86e6e1f392b430e83797f23149b4554c",
                "sha256:1c7f49a4936d20ebd1a66366a8f6ba0c49c50d409352b05e155b674bb6648209",
                "sha256:1ce82e985fee053455290c68ebedc86a0b1adc204fef26c16f136ccc523b4bef",
                "sha256:202e97dab0b7eae95738d8775cba4417a26e8539568f5b7e0a50e500263a3703",
                "sha256:21d5d41e3ffae3cf27f89370fab4eb2bef65dafbc8cb0924db30f3f486684507",
                "sha256:220e987ed6d92ac5be51d8cdba21d99229cfec00f5a4d2ca3846c208a69709ac",
                "sha256:27b66f1d542cf4cc9867268485cad3c719bee3e80731a3dc45649c9c57c66f25",
                "sha256:2ae71f7b4dbf914064ef824623230677f6a5dfe312f67e2bef47d3a7f864564c",
                "sha256:3127e77bd5eabd28bd3388db3291f1ea15eaeedd86bb4e71770f8aba4bb68acb",
                "sha256:321c5648578cebe435bf13b8c096ad8e8e43ba69ec80195fd5a3368bdafff616",
                "sha256:333951d76c9cb10fc3e435f105af6cca72463fb1f2c9ba018d04763f4eb52baf",
                "sha256:3e53c3aa6303efb9a64ccef160ec6638bb4a97b41b77c3871a1204397e27a98a",
                "sha256:3e62e8c2987376340337a1ad6767dd54f3c4be4cb26523598af53c6500fecff0",
                "sha256:4c0c65c764cda12841759a03ff86dec79404f96b2750f90859b042d60e9a2d82",
                "sha256:4eee7d0248129465d1ad1c391ab38fe76f5af789571551823f131c81a008ceb1",
                "sha256:4fee67b46a341c7e397b87b8507ea0f41415ce9953549967df89a174110f2f16",
                "sha256:50a4d441e113bb034f1356089f9fbf0c7989f20e0a4b71ecc566046894b36ef2",
                "sha256:53f14de1c07d64e381acdb29254dbdd86bba84138e7c789a6d2be026d03a36a9",
                "sha256:60bde1756d90910f32f33f66d7416e42dd74d10545c9961b17ab7bb064a644bb",
                "sha256:614c97c6e42a7e9a7765c051cff0ad3f482750205f2b6a113eecb5c381da38d5",
                "sha256:68803a66b836f595c291347a2bff237852ca80fcfbb2606fee88d046764240de",
                "sha256:68bdf5cc6cf87983462720095bf0982920065bddec24831c90be4e424071dfe8",
                "sha256:6b63187a249cd3a4d0d1221e1d2f82175c4a147e7374230a121c44df5364da9f",
                "sha256:6e0e12696df16f3205a5a5cf4a1bb5ad2c81d53e2f2bec25982a713421476f62",
                "sha256:6e0fd04f11bbb9862bedee4f4e7b3b1ed7476c34a3e7bf25a2169d43a1b23e90",
                "sha256:6ef0a191e3696cad377faa191390328bb83e5cac01a68a8be793e222c59f327d",
                "sha256:74444c294795895456e376d31840197f7cf91381d73cd3ebcaa0e30818aad12e",
                "sha256:762dbe52a79538bc25eb93586ce7449b77a65c136a410fe1101c96dfed73f889",
                "sha256:78d33c499c102e2aba05abf99876025ba7f1d5ca98f2e3c75d5cddc9dc42cfa5",
                "sha256:79d3d414b021e2fd21243de8cb93ee47d4dc0b5e66871a0b33e1f32244823267",
                "sha256:7bea222b49d486338741a1a45b19861ac6588367916bbc671bb51ba337e5551f",
                "sha256:80a70cc5f944d2db3eae1a225b41a935d957c928d324f7677f8387e4ab3e8626",
                "sha256:81122a324237fccb4f8abe5dca1b00be12cf4c0a53d3a4872cfc1f060c713854",
                "sha256:83209a27df29e297398a1fc0b8c2412946aac5bd1372cdb9c952bcc4b4fe0ed6",
                "sha256:875da3a78d9adf3d8175716c72693aad8719bd3a1f72d9dfe47ced98ce9449c2",
                "sha256:8b1ca7d17007b46223c5f3c02ffa9effc812adff5bc30f561dbfe88f241a16ba",
                "sha256:9171d842057e05c6e98caf7f8d3b5b79d80ac2bea649a3cde1cc9f4c6cdd0e3b",
                "sha256:949ac03a3df191a9182e9edfdef3987403894a55733c42177a2c666a321330a7",
                "sha256:9527a9b3a2f4f73334e9fdbebaec1d7001f717a0c2d195e8419cc5d0ba3183b6",
                "sha256:9d0f576c01b6ecf669d6fbc1db9dd43f380dc604fec76475886fe71604bd21a7",
                "sha256:9d35bc23e478234181dde92e082ae6c8403e2aa9499a8a2e307fb962e4a407a4",
                "sha256:9e1dfb12bcdf2d759602b7ad1bc6228ec5a19451c3504a80bd5445b9c8e53bab",
                "sha256:a4934f4da6f79314760e9559f8c8484e00aa99ea79f8d3326f66cf8e11db71b0",
                "sha256:a6ee278342971b784d13fb04bb7429d03a16098a43d278c69dcfa41f7bae8d84",
                "sha256:a975c1539da8213a211e405cc85aae756a3621e40bacd4d98bec69d354c7cc91",
                "sha256:ac060f9716e52bb79d26cb26b13eaf4d14bfd1357ba95d0804d7479f957b4b65",
                "sha256:aeac4d1a936d71367afb382c0019f699f402f1354f54f350311e5d5ec31a4b23",
                "sha256:aec7dfa57fc9a42e18a2e23bc8c011dbacdf16d8da0a62cc3b4b5ef0fba13d05",
                "sha256:b1f03ed925afee44fea9e26bf99a297111f313d88cfb69142463a3cb359f7953",
                "sha256:b3eea1ab8fb32cf5745eead68671100db8547e6d22e8b5c3780376369560659c",
                "sha256:b89e755790644d92c9780f10eb77ee2aca0e2a28d11abacd9fc08be9b10b4b1a",
                "sha256:c153bb5b5d2286109d1d8bee704b59f9303aed9c92822075e7002ea5362fa534",
                "sha256:c2d6d3fba532ab9f55be9efde7b5f0b22efed198e640199fdbe7da61c9412dff",
                "sha256:c30ea1dfff229183941c97159a58216ea354b97d181e6cd02b1e9faf5023af4f",
                "sha256:c3a7704f7f3cd45caa684e0b762bac29207435ea811ca3da7b2d93cc2fa54310",
                "sha256:c4f241e30060bf1fe0f904c1ac28ec11008c055373f3b5b5a86e1d40d2f164ad",
                "sha256:c79cad5da479ee6931f2c96cacccf588ff75029072661021963117df895305d9",
                "sha256:c844427e28cc661782fdfba6a2a13d89acabc3b183f49f5e366f8b4fab9616f4",
                "sha256:ccef727fff1731f72a078cfbdef3eb6f972dd1bbeea049b32fb2ef7cd88e3e0a",
                "sha256:d2b4b8784f5c7651a899997c9d6d4cd814c4222cd450c76d1fa386b8f5728d61",
                "sha256:d3fe8f48cb16454e3b9c44f081b940062180e0d6c10fda0a098ed7855be8d0a9",
                "sha256:d47cf9c991505aae3e93879404bf9bb47efaeb2c84951610d9b63453b8edfadb",
                "sha256:d83eca94393fd4a3dbcd5c64ed90e45606c96d28041653fce1318ed19dbfb93c",
                "sha256:db73d8750deb66cd6402fee86c1b3a2df32a0bca1049448829eaa1023408f282",
                "sha256:dc8c1689faa73f5a2f3f38476ae5620b6bda6d06a4b04d1882b8faf1ee0d94f1",
                "sha256:dfff8174eaae1c11bd52a30a78a739ad7e75fae6cceaaf3f63e2c8c9dd40dd70",
                "sha256:e3aa3421fc50619cf15caaa457952c06b532a192df02d9e94a8a6aabe5acbebf",
                "sha256:ebe98ca371b98881c7568a8ea88fb0446d92687485da0ef71fa5e45902c03b7b",
                "sha256:ede3b9ccf4cfd5e1ec12db79b93bf45e14e5c1596b339761d3296ce85739ef7a",
                "sha256:f3edaeb9a362146fded1a71846ae821cece9c5b2d1f02437cebb8c9bd9654c6a",
                "sha256:f505038e5be2a84155e642c396811bbf1e88a4c6aea6a8766b2c57b562bc65de",
                "sha256:f74dd8365ea32573a2f334717dd784349aafb00bb5e01a3536da951a4db31cd4",
                "sha256:faab435742987c8ea244e81b7526234c6f86cfc8fec5ec11d48184348e92aada",
                "sha256:fd53ad33bf2c677da5c177a577b2c74dd1374e9c69ee45a804302b38be24a88a"
            ],
            "markers": "python_version >= '3.8'",
            "version": "==0.14.0"
        },
        "packaging": {
            "hashes": [
                "sha256:09abb1bccd265c01f4a3aa3f7a7db064b36514d2cba19a2f694fe6150451a759",
                "sha256:c228a6dc5e932d346bc5739379109d49e8853dd8223571c7c5b55260edc0b97f"
            ],
            "markers": "python_version >= '3.8'",
            "version": "==24.2"
        },
        "pygments": {
            "hashes": [
                "sha256:61c16d2a8576dc0649d9f39e089b5f02bcd27fba10d8fb4dcc28173f7a45151f",
                "sha256:9ea1544ad55cecf4b8242fab6dd35a93bbce657034b0611ee383099054ab6d8c"
            ],
            "markers": "python_version >= '3.8'",
            "version": "==2.19.1"
        },
        "rich": {
            "hashes": [
                "sha256:439594978a49a09530cff7ebc4b5c7103ef57baf48d5ea3184f21d9a2befa098",
                "sha256:6049d5e6ec054bf2779ab3358186963bac2ea89175919d699e378b99738c2a90"
            ],
            "markers": "python_full_version >= '3.8.0'",
            "version": "==13.9.4"
        },
        "typing-extensions": {
            "hashes": [
                "sha256:04e5ca0351e0f3f85c6853954072df659d0d13fac324d0072316b67d7794700d",
                "sha256:1a7ead55c7e559dd4dee8856e3a88b41225abfe1ce8df57b7c13915fe121ffb8"
            ],
            "markers": "python_version >= '3.8'",
            "version": "==4.12.2"
        }
    },
    "develop": {}
}
